
Microsoft Visual Studio Solution File, Format Version 12.00
# Visual Studio Version 17
VisualStudioVersion = 17.9.34728.123
MinimumVisualStudioVersion = 10.0.40219.1
Project("{8BC9CEB8-8B4A-11D0-8D11-00A0C91BC942}") = "05_01_01", "05_01_01\05_01_01.vcxproj", "{E2C709DA-4581-4A6C-AFDE-387859FE318C}"
EndProject
Global
	GlobalSection(SolutionConfigurationPlatforms) = preSolution
		Debug|x64 = Debug|x64
		Release|x64 = Release|x64
	EndGlobalSection
	GlobalSection(ProjectConfigurationPlatforms) = postSolution
		{E2C709DA-4581-4A6C-AFDE-387859FE318C}.Debug|x64.ActiveCfg = Debug|x64
		{E2C709DA-4581-4A6C-AFDE-387859FE318C}.Debug|x64.Build.0 = Debug|x64
		{E2C709DA-4581-4A6C-AFDE-387859FE318C}.Release|x64.ActiveCfg = Release|x64
		{E2C709DA-4581-4A6C-AFDE-387859FE318C}.Release|x64.Build.0 = Release|x64
	EndGlobalSection
	GlobalSection(SolutionProperties) = preSolution
		HideSolutionNode = FALSE
	EndGlobalSection
	GlobalSection(ExtensibilityGlobals) = postSolution
		SolutionGuid = {18C6516B-F52A-470E-B94D-DB9B0B34554B}
	EndGlobalSection
EndGlobal
